// !$*UTF8*$!
{
	archiveVersion = 1;
	classes = {
	};
	objectVersion = 56;
	objects = {

/* Begin PBXBuildFile section */
		73CD436DF07A7A0783519E3C /* Pods_CalculatorApp.framework in Frameworks */ = {isa = PBXBuildFile; fileRef = BCD5B9CC07F16F7605D89E58 /* Pods_CalculatorApp.framework */; };
		7BB670032967E186008C1E15 /* Operator.swift in Sources */ = {isa = PBXBuildFile; fileRef = 7BB670022967E186008C1E15 /* Operator.swift */; };
		7BB670062967E5EE008C1E15 /* MainViewModel.swift in Sources */ = {isa = PBXBuildFile; fileRef = 7BB670052967E5EE008C1E15 /* MainViewModel.swift */; };
		7BB6700A2967F1A8008C1E15 /* Number.swift in Sources */ = {isa = PBXBuildFile; fileRef = 7BB670092967F1A8008C1E15 /* Number.swift */; };
		7BCD6610296BFDAC009ED37C /* ButtonView.swift in Sources */ = {isa = PBXBuildFile; fileRef = 7BCD660F296BFDAC009ED37C /* ButtonView.swift */; };
		7BCD6617296C056B009ED37C /* Main.storyboard in Resources */ = {isa = PBXBuildFile; fileRef = 7BCD6615296C04D2009ED37C /* Main.storyboard */; };
		7BED613D296681D600FF2AF5 /* AppDelegate.swift in Sources */ = {isa = PBXBuildFile; fileRef = 7BED613C296681D600FF2AF5 /* AppDelegate.swift */; };
		7BED613F296681D600FF2AF5 /* SceneDelegate.swift in Sources */ = {isa = PBXBuildFile; fileRef = 7BED613E296681D600FF2AF5 /* SceneDelegate.swift */; };
		7BED6141296681D600FF2AF5 /* ViewController.swift in Sources */ = {isa = PBXBuildFile; fileRef = 7BED6140296681D600FF2AF5 /* ViewController.swift */; };
		7BED6146296681D600FF2AF5 /* Assets.xcassets in Resources */ = {isa = PBXBuildFile; fileRef = 7BED6145296681D600FF2AF5 /* Assets.xcassets */; };
		7BED61512966841F00FF2AF5 /* AppAppearance.swift in Sources */ = {isa = PBXBuildFile; fileRef = 7BED61502966841F00FF2AF5 /* AppAppearance.swift */; };
/* End PBXBuildFile section */

/* Begin PBXFileReference section */
		7BB670022967E186008C1E15 /* Operator.swift */ = {isa = PBXFileReference; lastKnownFileType = sourcecode.swift; path = Operator.swift; sourceTree = "<group>"; };
		7BB670052967E5EE008C1E15 /* MainViewModel.swift */ = {isa = PBXFileReference; lastKnownFileType = sourcecode.swift; path = MainViewModel.swift; sourceTree = "<group>"; };
		7BB670092967F1A8008C1E15 /* Number.swift */ = {isa = PBXFileReference; lastKnownFileType = sourcecode.swift; path = Number.swift; sourceTree = "<group>"; };
		7BCD660F296BFDAC009ED37C /* ButtonView.swift */ = {isa = PBXFileReference; lastKnownFileType = sourcecode.swift; path = ButtonView.swift; sourceTree = "<group>"; };
		7BCD6615296C04D2009ED37C /* Main.storyboard */ = {isa = PBXFileReference; fileEncoding = 4; lastKnownFileType = file.storyboard; path = Main.storyboard; sourceTree = "<group>"; };
		7BED6139296681D600FF2AF5 /* CalculatorApp.app */ = {isa = PBXFileReference; explicitFileType = wrapper.application; includeInIndex = 0; path = CalculatorApp.app; sourceTree = BUILT_PRODUCTS_DIR; };
		7BED613C296681D600FF2AF5 /* AppDelegate.swift */ = {isa = PBXFileReference; lastKnownFileType = sourcecode.swift; path = AppDelegate.swift; sourceTree = "<group>"; };
		7BED613E296681D600FF2AF5 /* SceneDelegate.swift */ = {isa = PBXFileReference; lastKnownFileType = sourcecode.swift; path = SceneDelegate.swift; sourceTree = "<group>"; };
		7BED6140296681D600FF2AF5 /* ViewController.swift */ = {isa = PBXFileReference; lastKnownFileType = sourcecode.swift; path = ViewController.swift; sourceTree = "<group>"; };
		7BED6145296681D600FF2AF5 /* Assets.xcassets */ = {isa = PBXFileReference; lastKnownFileType = folder.assetcatalog; path = Assets.xcassets; sourceTree = "<group>"; };
		7BED614A296681D600FF2AF5 /* Info.plist */ = {isa = PBXFileReference; lastKnownFileType = text.plist.xml; path = Info.plist; sourceTree = "<group>"; };
		7BED61502966841F00FF2AF5 /* AppAppearance.swift */ = {isa = PBXFileReference; lastKnownFileType = sourcecode.swift; path = AppAppearance.swift; sourceTree = "<group>"; };
		A678FA8020D44B8682FD7C44 /* Pods-CalculatorApp.release.xcconfig */ = {isa = PBXFileReference; includeInIndex = 1; lastKnownFileType = text.xcconfig; name = "Pods-CalculatorApp.release.xcconfig"; path = "Target Support Files/Pods-CalculatorApp/Pods-CalculatorApp.release.xcconfig"; sourceTree = "<group>"; };
		BCD5B9CC07F16F7605D89E58 /* Pods_CalculatorApp.framework */ = {isa = PBXFileReference; explicitFileType = wrapper.framework; includeInIndex = 0; path = Pods_CalculatorApp.framework; sourceTree = BUILT_PRODUCTS_DIR; };
		CAA6A2B87144FE9075BCED18 /* Pods-CalculatorApp.debug.xcconfig */ = {isa = PBXFileReference; includeInIndex = 1; lastKnownFileType = text.xcconfig; name = "Pods-CalculatorApp.debug.xcconfig"; path = "Target Support Files/Pods-CalculatorApp/Pods-CalculatorApp.debug.xcconfig"; sourceTree = "<group>"; };
/* End PBXFileReference section */

/* Begin PBXFrameworksBuildPhase section */
		7BED6136296681D600FF2AF5 /* Frameworks */ = {
			isa = PBXFrameworksBuildPhase;
			buildActionMask = 2147483647;
			files = (
				73CD436DF07A7A0783519E3C /* Pods_CalculatorApp.framework in Frameworks */,
			);
			runOnlyForDeploymentPostprocessing = 0;
		};
/* End PBXFrameworksBuildPhase section */

/* Begin PBXGroup section */
		7B7BFC282C643E6003FCA2C9 /* Frameworks */ = {
			isa = PBXGroup;
			children = (
				BCD5B9CC07F16F7605D89E58 /* Pods_CalculatorApp.framework */,
			);
			name = Frameworks;
			sourceTree = "<group>";
		};
		7BB66FFF2967E12E008C1E15 /* View */ = {
			isa = PBXGroup;
			children = (
				7BCD660D296BFD85009ED37C /* ViewController */,
				7BCD660E296BFD91009ED37C /* View */,
			);
			path = View;
			sourceTree = "<group>";
		};
		7BB670002967E149008C1E15 /* Service */ = {
			isa = PBXGroup;
			children = (
			);
			path = Service;
			sourceTree = "<group>";
		};
		7BB670012967E153008C1E15 /* Model */ = {
			isa = PBXGroup;
			children = (
				7BB670022967E186008C1E15 /* Operator.swift */,
				7BB670092967F1A8008C1E15 /* Number.swift */,
			);
			path = Model;
			sourceTree = "<group>";
		};
		7BB670042967E4D7008C1E15 /* ViewModel */ = {
			isa = PBXGroup;
			children = (
				7BB670082967F17A008C1E15 /* Main */,
			);
			path = ViewModel;
			sourceTree = "<group>";
		};
		7BB670072967F16F008C1E15 /* Main */ = {
			isa = PBXGroup;
			children = (
				7BCD6615296C04D2009ED37C /* Main.storyboard */,
				7BED6140296681D600FF2AF5 /* ViewController.swift */,
			);
			path = Main;
			sourceTree = "<group>";
		};
		7BB670082967F17A008C1E15 /* Main */ = {
			isa = PBXGroup;
			children = (
				7BB670052967E5EE008C1E15 /* MainViewModel.swift */,
			);
			path = Main;
			sourceTree = "<group>";
		};
		7BCD660D296BFD85009ED37C /* ViewController */ = {
			isa = PBXGroup;
			children = (
				7BB670072967F16F008C1E15 /* Main */,
			);
			path = ViewController;
			sourceTree = "<group>";
		};
		7BCD660E296BFD91009ED37C /* View */ = {
			isa = PBXGroup;
			children = (
				7BCD660F296BFDAC009ED37C /* ButtonView.swift */,
			);
			path = View;
			sourceTree = "<group>";
		};
		7BED6130296681D600FF2AF5 = {
			isa = PBXGroup;
			children = (
				7BED613B296681D600FF2AF5 /* CalculatorApp */,
				7BED613A296681D600FF2AF5 /* Products */,
				C9529F7247F9B97919EA7FBA /* Pods */,
				7B7BFC282C643E6003FCA2C9 /* Frameworks */,
			);
			sourceTree = "<group>";
		};
		7BED613A296681D600FF2AF5 /* Products */ = {
			isa = PBXGroup;
			children = (
				7BED6139296681D600FF2AF5 /* CalculatorApp.app */,
			);
			name = Products;
			sourceTree = "<group>";
		};
		7BED613B296681D600FF2AF5 /* CalculatorApp */ = {
			isa = PBXGroup;
			children = (
				7BB670002967E149008C1E15 /* Service */,
				7BB670012967E153008C1E15 /* Model */,
				7BB670042967E4D7008C1E15 /* ViewModel */,
				7BB66FFF2967E12E008C1E15 /* View */,
				7BED613C296681D600FF2AF5 /* AppDelegate.swift */,
				7BED613E296681D600FF2AF5 /* SceneDelegate.swift */,
				7BED61502966841F00FF2AF5 /* AppAppearance.swift */,
				7BED6145296681D600FF2AF5 /* Assets.xcassets */,
				7BED614A296681D600FF2AF5 /* Info.plist */,
			);
			path = CalculatorApp;
			sourceTree = "<group>";
		};
		C9529F7247F9B97919EA7FBA /* Pods */ = {
			isa = PBXGroup;
			children = (
				CAA6A2B87144FE9075BCED18 /* Pods-CalculatorApp.debug.xcconfig */,
				A678FA8020D44B8682FD7C44 /* Pods-CalculatorApp.release.xcconfig */,
			);
			path = Pods;
			sourceTree = "<group>";
		};
/* End PBXGroup section */

/* Begin PBXNativeTarget section */
		7BED6138296681D600FF2AF5 /* CalculatorApp */ = {
			isa = PBXNativeTarget;
			buildConfigurationList = 7BED614D296681D600FF2AF5 /* Build configuration list for PBXNativeTarget "CalculatorApp" */;
			buildPhases = (
				C56E3B08C80D2A9C7ED710BC /* [CP] Check Pods Manifest.lock */,
				7BED6135296681D600FF2AF5 /* Sources */,
				7BED6136296681D600FF2AF5 /* Frameworks */,
				7BED6137296681D600FF2AF5 /* Resources */,
				93097A1564DF80A884933CD5 /* [CP] Embed Pods Frameworks */,
			);
			buildRules = (
			);
			dependencies = (
			);
			name = CalculatorApp;
			productName = CalculatorApp;
			productReference = 7BED6139296681D600FF2AF5 /* CalculatorApp.app */;
			productType = "com.apple.product-type.application";
		};
/* End PBXNativeTarget section */

/* Begin PBXProject section */
		7BED6131296681D600FF2AF5 /* Project object */ = {
			isa = PBXProject;
			attributes = {
				BuildIndependentTargetsInParallel = 1;
				LastSwiftUpdateCheck = 1420;
				LastUpgradeCheck = 1420;
				TargetAttributes = {
					7BED6138296681D600FF2AF5 = {
						CreatedOnToolsVersion = 14.2;
					};
				};
			};
			buildConfigurationList = 7BED6134296681D600FF2AF5 /* Build configuration list for PBXProject "CalculatorApp" */;
			compatibilityVersion = "Xcode 14.0";
			developmentRegion = en;
			hasScannedForEncodings = 0;
			knownRegions = (
				en,
				Base,
			);
			mainGroup = 7BED6130296681D600FF2AF5;
			productRefGroup = 7BED613A296681D600FF2AF5 /* Products */;
			projectDirPath = "";
			projectRoot = "";
			targets = (
				7BED6138296681D600FF2AF5 /* CalculatorApp */,
			);
		};
/* End PBXProject section */

/* Begin PBXResourcesBuildPhase section */
		7BED6137296681D600FF2AF5 /* Resources */ = {
			isa = PBXResourcesBuildPhase;
			buildActionMask = 2147483647;
			files = (
				7BED6146296681D600FF2AF5 /* Assets.xcassets in Resources */,
				7BCD6617296C056B009ED37C /* Main.storyboard in Resources */,
			);
			runOnlyForDeploymentPostprocessing = 0;
		};
/* End PBXResourcesBuildPhase section */

/* Begin PBXShellScriptBuildPhase section */
		93097A1564DF80A884933CD5 /* [CP] Embed Pods Frameworks */ = {
			isa = PBXShellScriptBuildPhase;
			buildActionMask = 2147483647;
			files = (
			);
			inputFileListPaths = (
				"${PODS_ROOT}/Target Support Files/Pods-CalculatorApp/Pods-CalculatorApp-frameworks-${CONFIGURATION}-input-files.xcfilelist",
			);
			name = "[CP] Embed Pods Frameworks";
			outputFileListPaths = (
				"${PODS_ROOT}/Target Support Files/Pods-CalculatorApp/Pods-CalculatorApp-frameworks-${CONFIGURATION}-output-files.xcfilelist",
			);
			runOnlyForDeploymentPostprocessing = 0;
			shellPath = /bin/sh;
			shellScript = "\"${PODS_ROOT}/Target Support Files/Pods-CalculatorApp/Pods-CalculatorApp-frameworks.sh\"\n";
			showEnvVarsInLog = 0;
		};
		C56E3B08C80D2A9C7ED710BC /* [CP] Check Pods Manifest.lock */ = {
			isa = PBXShellScriptBuildPhase;
			buildActionMask = 2147483647;
			files = (
			);
			inputFileListPaths = (
			);
			inputPaths = (
				"${PODS_PODFILE_DIR_PATH}/Podfile.lock",
				"${PODS_ROOT}/Manifest.lock",
			);
			name = "[CP] Check Pods Manifest.lock";
			outputFileListPaths = (
			);
			outputPaths = (
				"$(DERIVED_FILE_DIR)/Pods-CalculatorApp-checkManifestLockResult.txt",
			);
			runOnlyForDeploymentPostprocessing = 0;
			shellPath = /bin/sh;
			shellScript = "diff \"${PODS_PODFILE_DIR_PATH}/Podfile.lock\" \"${PODS_ROOT}/Manifest.lock\" > /dev/null\nif [ $? != 0 ] ; then\n    # print error to STDERR\n    echo \"error: The sandbox is not in sync with the Podfile.lock. Run 'pod install' or update your CocoaPods installation.\" >&2\n    exit 1\nfi\n# This output is used by Xcode 'outputs' to avoid re-running this script phase.\necho \"SUCCESS\" > \"${SCRIPT_OUTPUT_FILE_0}\"\n";
			showEnvVarsInLog = 0;
		};
/* End PBXShellScriptBuildPhase section */

/* Begin PBXSourcesBuildPhase section */
		7BED6135296681D600FF2AF5 /* Sources */ = {
			isa = PBXSourcesBuildPhase;
			buildActionMask = 2147483647;
			files = (
				7BED6141296681D600FF2AF5 /* ViewController.swift in Sources */,
				7BB6700A2967F1A8008C1E15 /* Number.swift in Sources */,
				7BED613D296681D600FF2AF5 /* AppDelegate.swift in Sources */,
				7BB670032967E186008C1E15 /* Operator.swift in Sources */,
				7BED613F296681D600FF2AF5 /* SceneDelegate.swift in Sources */,
				7BED61512966841F00FF2AF5 /* AppAppearance.swift in Sources */,
				7BB670062967E5EE008C1E15 /* MainViewModel.swift in Sources */,
				7BCD6610296BFDAC009ED37C /* ButtonView.swift in Sources */,
			);
			runOnlyForDeploymentPostprocessing = 0;
		};
/* End PBXSourcesBuildPhase section */

/* Begin XCBuildConfiguration section */
		7BED614B296681D600FF2AF5 /* Debug */ = {
			isa = XCBuildConfiguration;
			buildSettings = {
				ALWAYS_SEARCH_USER_PATHS = NO;
				CLANG_ANALYZER_NONNULL = YES;
				CLANG_ANALYZER_NUMBER_OBJECT_CONVERSION = YES_AGGRESSIVE;
				CLANG_CXX_LANGUAGE_STANDARD = "gnu++20";
				CLANG_ENABLE_MODULES = YES;
				CLANG_ENABLE_OBJC_ARC = YES;
				CLANG_ENABLE_OBJC_WEAK = YES;
				CLANG_WARN_BLOCK_CAPTURE_AUTORELEASING = YES;
				CLANG_WARN_BOOL_CONVERSION = YES;
				CLANG_WARN_COMMA = YES;
				CLANG_WARN_CONSTANT_CONVERSION = YES;
				CLANG_WARN_DEPRECATED_OBJC_IMPLEMENTATIONS = YES;
				CLANG_WARN_DIRECT_OBJC_ISA_USAGE = YES_ERROR;
				CLANG_WARN_DOCUMENTATION_COMMENTS = YES;
				CLANG_WARN_EMPTY_BODY = YES;
				CLANG_WARN_ENUM_CONVERSION = YES;
				CLANG_WARN_INFINITE_RECURSION = YES;
				CLANG_WARN_INT_CONVERSION = YES;
				CLANG_WARN_NON_LITERAL_NULL_CONVERSION = YES;
				CLANG_WARN_OBJC_IMPLICIT_RETAIN_SELF = YES;
				CLANG_WARN_OBJC_LITERAL_CONVERSION = YES;
				CLANG_WARN_OBJC_ROOT_CLASS = YES_ERROR;
				CLANG_WARN_QUOTED_INCLUDE_IN_FRAMEWORK_HEADER = YES;
				CLANG_WARN_RANGE_LOOP_ANALYSIS = YES;
				CLANG_WARN_STRICT_PROTOTYPES = YES;
				CLANG_WARN_SUSPICIOUS_MOVE = YES;
				CLANG_WARN_UNGUARDED_AVAILABILITY = YES_AGGRESSIVE;
				CLANG_WARN_UNREACHABLE_CODE = YES;
				CLANG_WARN__DUPLICATE_METHOD_MATCH = YES;
				COPY_PHASE_STRIP = NO;
				DEBUG_INFORMATION_FORMAT = dwarf;
				ENABLE_STRICT_OBJC_MSGSEND = YES;
				ENABLE_TESTABILITY = YES;
				GCC_C_LANGUAGE_STANDARD = gnu11;
				GCC_DYNAMIC_NO_PIC = NO;
				GCC_NO_COMMON_BLOCKS = YES;
				GCC_OPTIMIZATION_LEVEL = 0;
				GCC_PREPROCESSOR_DEFINITIONS = (
					"DEBUG=1",
					"$(inherited)",
				);
				GCC_WARN_64_TO_32_BIT_CONVERSION = YES;
				GCC_WARN_ABOUT_RETURN_TYPE = YES_ERROR;
				GCC_WARN_UNDECLARED_SELECTOR = YES;
				GCC_WARN_UNINITIALIZED_AUTOS = YES_AGGRESSIVE;
				GCC_WARN_UNUSED_FUNCTION = YES;
				GCC_WARN_UNUSED_VARIABLE = YES;
				IPHONEOS_DEPLOYMENT_TARGET = 16.2;
				MTL_ENABLE_DEBUG_INFO = INCLUDE_SOURCE;
				MTL_FAST_MATH = YES;
				ONLY_ACTIVE_ARCH = YES;
				SDKROOT = iphoneos;
				SWIFT_ACTIVE_COMPILATION_CONDITIONS = DEBUG;
				SWIFT_OPTIMIZATION_LEVEL = "-Onone";
			};
			name = Debug;
		};
		7BED614C296681D600FF2AF5 /* Release */ = {
			isa = XCBuildConfiguration;
			buildSettings = {
				ALWAYS_SEARCH_USER_PATHS = NO;
				CLANG_ANALYZER_NONNULL = YES;
				CLANG_ANALYZER_NUMBER_OBJECT_CONVERSION = YES_AGGRESSIVE;
				CLANG_CXX_LANGUAGE_STANDARD = "gnu++20";
				CLANG_ENABLE_MODULES = YES;
				CLANG_ENABLE_OBJC_ARC = YES;
				CLANG_ENABLE_OBJC_WEAK = YES;
				CLANG_WARN_BLOCK_CAPTURE_AUTORELEASING = YES;
				CLANG_WARN_BOOL_CONVERSION = YES;
				CLANG_WARN_COMMA = YES;
				CLANG_WARN_CONSTANT_CONVERSION = YES;
				CLANG_WARN_DEPRECATED_OBJC_IMPLEMENTATIONS = YES;
				CLANG_WARN_DIRECT_OBJC_ISA_USAGE = YES_ERROR;
				CLANG_WARN_DOCUMENTATION_COMMENTS = YES;
				CLANG_WARN_EMPTY_BODY = YES;
				CLANG_WARN_ENUM_CONVERSION = YES;
				CLANG_WARN_INFINITE_RECURSION = YES;
				CLANG_WARN_INT_CONVERSION = YES;
				CLANG_WARN_NON_LITERAL_NULL_CONVERSION = YES;
				CLANG_WARN_OBJC_IMPLICIT_RETAIN_SELF = YES;
				CLANG_WARN_OBJC_LITERAL_CONVERSION = YES;
				CLANG_WARN_OBJC_ROOT_CLASS = YES_ERROR;
				CLANG_WARN_QUOTED_INCLUDE_IN_FRAMEWORK_HEADER = YES;
				CLANG_WARN_RANGE_LOOP_ANALYSIS = YES;
				CLANG_WARN_STRICT_PROTOTYPES = YES;
				CLANG_WARN_SUSPICIOUS_MOVE = YES;
				CLANG_WARN_UNGUARDED_AVAILABILITY = YES_AGGRESSIVE;
				CLANG_WARN_UNREACHABLE_CODE = YES;
				CLANG_WARN__DUPLICATE_METHOD_MATCH = YES;
				COPY_PHASE_STRIP = NO;
				DEBUG_INFORMATION_FORMAT = "dwarf-with-dsym";
				ENABLE_NS_ASSERTIONS = NO;
				ENABLE_STRICT_OBJC_MSGSEND = YES;
				GCC_C_LANGUAGE_STANDARD = gnu11;
				GCC_NO_COMMON_BLOCKS = YES;
				GCC_WARN_64_TO_32_BIT_CONVERSION = YES;
				GCC_WARN_ABOUT_RETURN_TYPE = YES_ERROR;
				GCC_WARN_UNDECLARED_SELECTOR = YES;
				GCC_WARN_UNINITIALIZED_AUTOS = YES_AGGRESSIVE;
				GCC_WARN_UNUSED_FUNCTION = YES;
				GCC_WARN_UNUSED_VARIABLE = YES;
				IPHONEOS_DEPLOYMENT_TARGET = 16.2;
				MTL_ENABLE_DEBUG_INFO = NO;
				MTL_FAST_MATH = YES;
				SDKROOT = iphoneos;
				SWIFT_COMPILATION_MODE = wholemodule;
				SWIFT_OPTIMIZATION_LEVEL = "-O";
				VALIDATE_PRODUCT = YES;
			};
			name = Release;
		};
		7BED614E296681D600FF2AF5 /* Debug */ = {
			isa = XCBuildConfiguration;
			baseConfigurationReference = CAA6A2B87144FE9075BCED18 /* Pods-CalculatorApp.debug.xcconfig */;
			buildSettings = {
				ASSETCATALOG_COMPILER_APPICON_NAME = AppIcon;
				ASSETCATALOG_COMPILER_GLOBAL_ACCENT_COLOR_NAME = AccentColor;
				CODE_SIGN_STYLE = Automatic;
				CURRENT_PROJECT_VERSION = 1;
				DEVELOPMENT_TEAM = 9Y3C29YBST;
				GENERATE_INFOPLIST_FILE = YES;
				INFOPLIST_FILE = CalculatorApp/Info.plist;
				INFOPLIST_KEY_UIApplicationSupportsIndirectInputEvents = YES;
				INFOPLIST_KEY_UILaunchStoryboardName = LaunchScreen;
				INFOPLIST_KEY_UIMainStoryboardFile = Main;
				INFOPLIST_KEY_UIStatusBarStyle = UIStatusBarStyleLightContent;
				INFOPLIST_KEY_UISupportedInterfaceOrientations_iPad = "UIInterfaceOrientationPortrait UIInterfaceOrientationPortraitUpsideDown UIInterfaceOrientationLandscapeLeft UIInterfaceOrientationLandscapeRight";
				INFOPLIST_KEY_UISupportedInterfaceOrientations_iPhone = "UIInterfaceOrientationPortrait UIInterfaceOrientationLandscapeLeft UIInterfaceOrientationLandscapeRight";
				IPHONEOS_DEPLOYMENT_TARGET = 15.0;
				LD_RUNPATH_SEARCH_PATHS = (
					"$(inherited)",
					"@executable_path/Frameworks",
				);
				MARKETING_VERSION = 1.0;
				PRODUCT_BUNDLE_IDENTIFIER = Cudo.CalculatorApp;
				PRODUCT_NAME = "$(TARGET_NAME)";
				SWIFT_EMIT_LOC_STRINGS = YES;
				SWIFT_VERSION = 5.0;
				TARGETED_DEVICE_FAMILY = "1,2";
			};
			name = Debug;
		};
		7BED614F296681D600FF2AF5 /* Release */ = {
			isa = XCBuildConfiguration;
			baseConfigurationReference = A678FA8020D44B8682FD7C44 /* Pods-CalculatorApp.release.xcconfig */;
			buildSettings = {
				ASSETCATALOG_COMPILER_APPICON_NAME = AppIcon;
				ASSETCATALOG_COMPILER_GLOBAL_ACCENT_COLOR_NAME = AccentColor;
				CODE_SIGN_STYLE = Automatic;
				CURRENT_PROJECT_VERSION = 1;
				DEVELOPMENT_TEAM = 9Y3C29YBST;
				GENERATE_INFOPLIST_FILE = YES;
				INFOPLIST_FILE = CalculatorApp/Info.plist;
				INFOPLIST_KEY_UIApplicationSupportsIndirectInputEvents = YES;
				INFOPLIST_KEY_UILaunchStoryboardName = LaunchScreen;
				INFOPLIST_KEY_UIMainStoryboardFile = Main;
				INFOPLIST_KEY_UIStatusBarStyle = UIStatusBarStyleLightContent;
				INFOPLIST_KEY_UISupportedInterfaceOrientations_iPad = "UIInterfaceOrientationPortrait UIInterfaceOrientationPortraitUpsideDown UIInterfaceOrientationLandscapeLeft UIInterfaceOrientationLandscapeRight";
				INFOPLIST_KEY_UISupportedInterfaceOrientations_iPhone = "UIInterfaceOrientationPortrait UIInterfaceOrientationLandscapeLeft UIInterfaceOrientationLandscapeRight";
				IPHONEOS_DEPLOYMENT_TARGET = 15.0;
				LD_RUNPATH_SEARCH_PATHS = (
					"$(inherited)",
					"@executable_path/Frameworks",
				);
				MARKETING_VERSION = 1.0;
				PRODUCT_BUNDLE_IDENTIFIER = Cudo.CalculatorApp;
				PRODUCT_NAME = "$(TARGET_NAME)";
				SWIFT_EMIT_LOC_STRINGS = YES;
				SWIFT_VERSION = 5.0;
				TARGETED_DEVICE_FAMILY = "1,2";
			};
			name = Release;
		};
/* End XCBuildConfiguration section */

/* Begin XCConfigurationList section */
		7BED6134296681D600FF2AF5 /* Build configuration list for PBXProject "CalculatorApp" */ = {
			isa = XCConfigurationList;
			buildConfigurations = (
				7BED614B296681D600FF2AF5 /* Debug */,
				7BED614C296681D600FF2AF5 /* Release */,
			);
			defaultConfigurationIsVisible = 0;
			defaultConfigurationName = Release;
		};
		7BED614D296681D600FF2AF5 /* Build configuration list for PBXNativeTarget "CalculatorApp" */ = {
			isa = XCConfigurationList;
			buildConfigurations = (
				7BED614E296681D600FF2AF5 /* Debug */,
				7BED614F296681D600FF2AF5 /* Release */,
			);
			defaultConfigurationIsVisible = 0;
			defaultConfigurationName = Release;
		};
/* End XCConfigurationList section */
	};
	rootObject = 7BED6131296681D600FF2AF5 /* Project object */;
}
